dependencies:
  idf:
    source:
      type: idf
    version: 5.4.1
  marcel-cd/jerryscript:
    component_hash: b5034b1597664219a758a5d4ac3dfb9021c95d442aa52fe0b00caa2c5a1e91c5
    dependencies:
    - name: idf
      require: private
      version: '>=5.0'
    source:
      registry_url: https://components.espressif.com/
      type: service
    version: 1.0.8
direct_dependencies:
- idf
- marcel-cd/jerryscript
manifest_hash: 9992ea53e7596f87ca315b8c2aece0f478f096ae8670df0d8e648a0b8e11f341
target: esp32
version: 2.0.0
